
Microsoft Visual Studio Solution File, Format Version 12.00
# Visual Studio Version 17
VisualStudioVersion = 17.6.33723.286
MinimumVisualStudioVersion = 10.0.40219.1
Project("{FAE04EC0-301F-11D3-BF4B-00C04F79EFBC}") = "WebCrawlRegex", "WebCrawlRegex.csproj", "{9D3492BD-1A72-473F-9A43-D216A0F646FD}"
EndProject
Global
	GlobalSection(SolutionConfigurationPlatforms) = preSolution
		Debug|Any CPU = Debug|Any CPU
		Release|Any CPU = Release|Any CPU
	EndGlobalSection
	GlobalSection(ProjectConfigurationPlatforms) = postSolution
		{9D3492BD-1A72-473F-9A43-D216A0F646FD}.Debug|Any CPU.ActiveCfg = Debug|Any CPU
		{9D3492BD-1A72-473F-9A43-D216A0F646FD}.Debug|Any CPU.Build.0 = Debug|Any CPU
		{9D3492BD-1A72-473F-9A43-D216A0F646FD}.Release|Any CPU.ActiveCfg = Release|Any CPU
		{9D3492BD-1A72-473F-9A43-D216A0F646FD}.Release|Any CPU.Build.0 = Release|Any CPU
	EndGlobalSection
	GlobalSection(SolutionProperties) = preSolution
		HideSolutionNode = FALSE
	EndGlobalSection
	GlobalSection(ExtensibilityGlobals) = postSolution
		SolutionGuid = {C10DD7D2-6746-4752-B688-785B24CB5D44}
	EndGlobalSection
EndGlobal
